name: Example 01
model: openai/gpt-4o
enable_temporal: false
enable_logging: true
show_flock_banner: true
agents:
  bloggy:
    name: bloggy
    model: openai/gpt-4o
    input: blog_idea
    output: funny_blog_title, blog_headers
    use_cache: true
    evaluator:
      name: default
      config:
        model: openai/gpt-4o
        use_cache: true
        temperature: 0.0
        max_tokens: 4096
      type: DeclarativeEvaluator
    modules:
      output:
        name: output
        config:
          enabled: true
          theme: abernathy
          render_table: false
          max_length: 1000
          wait_for_input: false
          write_to_file: false
          output_dir: output/
          truncate_long_values: true
          show_metadata: true
          format_code_blocks: true
          custom_formatters: {}
          no_output: false
          print_context: false
        type: OutputModule
      metrics:
        name: metrics
        config:
          enabled: true
          collect_timing: true
          collect_memory: true
          collect_token_usage: true
          collect_cpu: true
          storage_type: json
          metrics_dir: metrics/
          aggregation_interval: 1h
          retention_days: 30
          alert_on_high_latency: true
          latency_threshold_ms: 30000
        type: MetricsModule
components:
  DeclarativeEvaluator:
    type: flock_component
    module_path: flock.evaluators.declarative.declarative_evaluator
    file_path: src/flock/evaluators/declarative/declarative_evaluator.py
    description: Evaluator that uses DSPy for generation.
  OutputModule:
    type: flock_component
    module_path: flock.modules.output.output_module
    file_path: src/flock/modules/output/output_module.py
    description: Module that handles output formatting and display.
  MetricsModule:
    type: flock_component
    module_path: flock.modules.performance.metrics_module
    file_path: src/flock/modules/performance/metrics_module.py
    description: Module for collecting and analyzing agent performance metrics.
dependencies:
- pydantic>=2.0.0
- flock-core>=0.4.0
metadata:
  path_type: relative
  flock_version: 0.4.0
